
Microsoft Visual Studio Solution File, Format Version 12.00
# Visual Studio Version 17
VisualStudioVersion = 17.5.002.0
MinimumVisualStudioVersion = 10.0.40219.1
Project("{9A19103F-16F7-4668-BE54-9A1E7A4F7556}") = "functions", "functions\functions.csproj", "{B8DB8919-599E-42A1-8460-3A1164700A04}"
EndProject
Global
	GlobalSection(SolutionConfigurationPlatforms) = preSolution
		Debug|Any CPU = Debug|Any CPU
		Release|Any CPU = Release|Any CPU
	EndGlobalSection
	GlobalSection(ProjectConfigurationPlatforms) = postSolution
		{B8DB8919-599E-42A1-8460-3A1164700A04}.Debug|Any CPU.ActiveCfg = Debug|Any CPU
		{B8DB8919-599E-42A1-8460-3A1164700A04}.Debug|Any CPU.Build.0 = Debug|Any CPU
		{B8DB8919-599E-42A1-8460-3A1164700A04}.Release|Any CPU.ActiveCfg = Release|Any CPU
		{B8DB8919-599E-42A1-8460-3A1164700A04}.Release|Any CPU.Build.0 = Release|Any CPU
		{D3484EAE-9528-4C17-ADA7-7F3DCA91901D}.Debug|Any CPU.ActiveCfg = Debug|Any CPU
		{D3484EAE-9528-4C17-ADA7-7F3DCA91901D}.Debug|Any CPU.Build.0 = Debug|Any CPU
		{D3484EAE-9528-4C17-ADA7-7F3DCA91901D}.Release|Any CPU.ActiveCfg = Release|Any CPU
		{D3484EAE-9528-4C17-ADA7-7F3DCA91901D}.Release|Any CPU.Build.0 = Release|Any CPU
	EndGlobalSection
	GlobalSection(SolutionProperties) = preSolution
		HideSolutionNode = FALSE
	EndGlobalSection
	GlobalSection(NestedProjects) = preSolution
		{F4D6F1E8-6D23-4657-98F0-1228509B0CC7} = {5DFD7E33-4979-4675-9040-D8CBFCD3C18B}
		{B436EA4E-1A57-4E77-A5F7-DB04377C43EC} = {F4D6F1E8-6D23-4657-98F0-1228509B0CC7}
		{7BE63222-0E79-48BA-9CB9-B566F0DD3835} = {B436EA4E-1A57-4E77-A5F7-DB04377C43EC}
		{D3484EAE-9528-4C17-ADA7-7F3DCA91901D} = {7BE63222-0E79-48BA-9CB9-B566F0DD3835}
	EndGlobalSection
	GlobalSection(ExtensibilityGlobals) = postSolution
		SolutionGuid = {AA05DC78-50ED-4DF6-B80F-8ABED3E1449B}
	EndGlobalSection
EndGlobal
